// !$*UTF8*$!
{
	archiveVersion = 1;
	classes = {
	};
	objectVersion = 56;
	objects = {

/* Begin PBXBuildFile section */
		5E21AF0C2AD69C6400CE84B2 /* AppDelegate.swift in Sources */ = {isa = PBXBuildFile; fileRef = 5E21AF0B2AD69C6400CE84B2 /* AppDelegate.swift */; };
		5E21AF0E2AD69C6400CE84B2 /* GameViewController.swift in Sources */ = {isa = PBXBuildFile; fileRef = 5E21AF0D2AD69C6400CE84B2 /* GameViewController.swift */; };
		5E21AF112AD69C6400CE84B2 /* Main.storyboard in Resources */ = {isa = PBXBuildFile; fileRef = 5E21AF0F2AD69C6400CE84B2 /* Main.storyboard */; };
		5E21AF132AD69C6400CE84B2 /* Actions.sks in Resources */ = {isa = PBXBuildFile; fileRef = 5E21AF002AD69C6000CE84B2 /* Actions.sks */; };
		5E21AF142AD69C6400CE84B2 /* GameScene.sks in Resources */ = {isa = PBXBuildFile; fileRef = 5E21AF012AD69C6000CE84B2 /* GameScene.sks */; };
		5E21AF152AD69C6400CE84B2 /* GameScene.swift in Sources */ = {isa = PBXBuildFile; fileRef = 5E21AF022AD69C6000CE84B2 /* GameScene.swift */; };
		5E21AF162AD69C6400CE84B2 /* Assets.xcassets in Resources */ = {isa = PBXBuildFile; fileRef = 5E21AF032AD69C6400CE84B2 /* Assets.xcassets */; };
/* End PBXBuildFile section */

/* Begin PBXFileReference section */
		5E21AF002AD69C6000CE84B2 /* Actions.sks */ = {isa = PBXFileReference; lastKnownFileType = file.sks; path = Actions.sks; sourceTree = "<group>"; };
		5E21AF012AD69C6000CE84B2 /* GameScene.sks */ = {isa = PBXFileReference; lastKnownFileType = file.sks; path = GameScene.sks; sourceTree = "<group>"; };
		5E21AF022AD69C6000CE84B2 /* GameScene.swift */ = {isa = PBXFileReference; lastKnownFileType = sourcecode.swift; path = GameScene.swift; sourceTree = "<group>"; };
		5E21AF032AD69C6400CE84B2 /* Assets.xcassets */ = {isa = PBXFileReference; lastKnownFileType = folder.assetcatalog; path = Assets.xcassets; sourceTree = "<group>"; };
		5E21AF082AD69C6400CE84B2 /* Ball - Sim.app */ = {isa = PBXFileReference; explicitFileType = wrapper.application; includeInIndex = 0; path = "Ball - Sim.app"; sourceTree = BUILT_PRODUCTS_DIR; };
		5E21AF0B2AD69C6400CE84B2 /* AppDelegate.swift */ = {isa = PBXFileReference; lastKnownFileType = sourcecode.swift; path = AppDelegate.swift; sourceTree = "<group>"; };
		5E21AF0D2AD69C6400CE84B2 /* GameViewController.swift */ = {isa = PBXFileReference; lastKnownFileType = sourcecode.swift; path = GameViewController.swift; sourceTree = "<group>"; };
		5E21AF102AD69C6400CE84B2 /* Base */ = {isa = PBXFileReference; lastKnownFileType = file.storyboard; name = Base; path = Base.lproj/Main.storyboard; sourceTree = "<group>"; };
		5E21AF122AD69C6400CE84B2 /* Ball___Sim_macOS.entitlements */ = {isa = PBXFileReference; lastKnownFileType = text.plist.entitlements; path = "Ball___Sim_macOS.entitlements"; sourceTree = "<group>"; };
/* End PBXFileReference section */

/* Begin PBXFrameworksBuildPhase section */
		5E21AF052AD69C6400CE84B2 /* Frameworks */ = {
			isa = PBXFrameworksBuildPhase;
			buildActionMask = 2147483647;
			files = (
			);
			runOnlyForDeploymentPostprocessing = 0;
		};
/* End PBXFrameworksBuildPhase section */

/* Begin PBXGroup section */
		5E21AEFA2AD69C6000CE84B2 = {
			isa = PBXGroup;
			children = (
				5E21AEFF2AD69C6000CE84B2 /* Ball - Sim Shared */,
				5E21AF0A2AD69C6400CE84B2 /* Ball - Sim macOS */,
				5E21AF092AD69C6400CE84B2 /* Products */,
			);
			sourceTree = "<group>";
		};
		5E21AEFF2AD69C6000CE84B2 /* Ball - Sim Shared */ = {
			isa = PBXGroup;
			children = (
				5E21AF002AD69C6000CE84B2 /* Actions.sks */,
				5E21AF012AD69C6000CE84B2 /* GameScene.sks */,
				5E21AF022AD69C6000CE84B2 /* GameScene.swift */,
				5E21AF032AD69C6400CE84B2 /* Assets.xcassets */,
			);
			path = "Ball - Sim Shared";
			sourceTree = "<group>";
		};
		5E21AF092AD69C6400CE84B2 /* Products */ = {
			isa = PBXGroup;
			children = (
				5E21AF082AD69C6400CE84B2 /* Ball - Sim.app */,
			);
			name = Products;
			sourceTree = "<group>";
		};
		5E21AF0A2AD69C6400CE84B2 /* Ball - Sim macOS */ = {
			isa = PBXGroup;
			children = (
				5E21AF0B2AD69C6400CE84B2 /* AppDelegate.swift */,
				5E21AF0D2AD69C6400CE84B2 /* GameViewController.swift */,
				5E21AF0F2AD69C6400CE84B2 /* Main.storyboard */,
				5E21AF122AD69C6400CE84B2 /* Ball___Sim_macOS.entitlements */,
			);
			path = "Ball - Sim macOS";
			sourceTree = "<group>";
		};
/* End PBXGroup section */

/* Begin PBXNativeTarget section */
		5E21AF072AD69C6400CE84B2 /* Ball - Sim macOS */ = {
			isa = PBXNativeTarget;
			buildConfigurationList = 5E21AF192AD69C6400CE84B2 /* Build configuration list for PBXNativeTarget "Ball - Sim macOS" */;
			buildPhases = (
				5E21AF042AD69C6400CE84B2 /* Sources */,
				5E21AF052AD69C6400CE84B2 /* Frameworks */,
				5E21AF062AD69C6400CE84B2 /* Resources */,
			);
			buildRules = (
			);
			dependencies = (
			);
			name = "Ball - Sim macOS";
			productName = "Ball - Sim macOS";
			productReference = 5E21AF082AD69C6400CE84B2 /* Ball - Sim.app */;
			productType = "com.apple.product-type.application";
		};
/* End PBXNativeTarget section */

/* Begin PBXProject section */
		5E21AEFB2AD69C6000CE84B2 /* Project object */ = {
			isa = PBXProject;
			attributes = {
				BuildIndependentTargetsInParallel = 1;
				LastSwiftUpdateCheck = 1500;
				LastUpgradeCheck = 1500;
				TargetAttributes = {
					5E21AF072AD69C6400CE84B2 = {
						CreatedOnToolsVersion = 15.0;
					};
				};
			};
			buildConfigurationList = 5E21AEFE2AD69C6000CE84B2 /* Build configuration list for PBXProject "Ball - Sim" */;
			compatibilityVersion = "Xcode 14.0";
			developmentRegion = en;
			hasScannedForEncodings = 0;
			knownRegions = (
				en,
				Base,
			);
			mainGroup = 5E21AEFA2AD69C6000CE84B2;
			productRefGroup = 5E21AF092AD69C6400CE84B2 /* Products */;
			projectDirPath = "";
			projectRoot = "";
			targets = (
				5E21AF072AD69C6400CE84B2 /* Ball - Sim macOS */,
			);
		};
/* End PBXProject section */

/* Begin PBXResourcesBuildPhase section */
		5E21AF062AD69C6400CE84B2 /* Resources */ = {
			isa = PBXResourcesBuildPhase;
			buildActionMask = 2147483647;
			files = (
				5E21AF112AD69C6400CE84B2 /* Main.storyboard in Resources */,
				5E21AF142AD69C6400CE84B2 /* GameScene.sks in Resources */,
				5E21AF162AD69C6400CE84B2 /* Assets.xcassets in Resources */,
				5E21AF132AD69C6400CE84B2 /* Actions.sks in Resources */,
			);
			runOnlyForDeploymentPostprocessing = 0;
		};
/* End PBXResourcesBuildPhase section */

/* Begin PBXSourcesBuildPhase section */
		5E21AF042AD69C6400CE84B2 /* Sources */ = {
			isa = PBXSourcesBuildPhase;
			buildActionMask = 2147483647;
			files = (
				5E21AF152AD69C6400CE84B2 /* GameScene.swift in Sources */,
				5E21AF0E2AD69C6400CE84B2 /* GameViewController.swift in Sources */,
				5E21AF0C2AD69C6400CE84B2 /* AppDelegate.swift in Sources */,
			);
			runOnlyForDeploymentPostprocessing = 0;
		};
/* End PBXSourcesBuildPhase section */

/* Begin PBXVariantGroup section */
		5E21AF0F2AD69C6400CE84B2 /* Main.storyboard */ = {
			isa = PBXVariantGroup;
			children = (
				5E21AF102AD69C6400CE84B2 /* Base */,
			);
			name = Main.storyboard;
			sourceTree = "<group>";
		};
/* End PBXVariantGroup section */

/* Begin XCBuildConfiguration section */
		5E21AF172AD69C6400CE84B2 /* Debug */ = {
			isa = XCBuildConfiguration;
			buildSettings = {
				ALWAYS_SEARCH_USER_PATHS = NO;
				ASSETCATALOG_COMPILER_GENERATE_SWIFT_ASSET_SYMBOL_EXTENSIONS = YES;
				CLANG_ANALYZER_NONNULL = YES;
				CLANG_ANALYZER_NUMBER_OBJECT_CONVERSION = YES_AGGRESSIVE;
				CLANG_CXX_LANGUAGE_STANDARD = "gnu++20";
				CLANG_ENABLE_MODULES = YES;
				CLANG_ENABLE_OBJC_ARC = YES;
				CLANG_ENABLE_OBJC_WEAK = YES;
				CLANG_WARN_BLOCK_CAPTURE_AUTORELEASING = YES;
				CLANG_WARN_BOOL_CONVERSION = YES;
				CLANG_WARN_COMMA = YES;
				CLANG_WARN_CONSTANT_CONVERSION = YES;
				CLANG_WARN_DEPRECATED_OBJC_IMPLEMENTATIONS = YES;
				CLANG_WARN_DIRECT_OBJC_ISA_USAGE = YES_ERROR;
				CLANG_WARN_DOCUMENTATION_COMMENTS = YES;
				CLANG_WARN_EMPTY_BODY = YES;
				CLANG_WARN_ENUM_CONVERSION = YES;
				CLANG_WARN_INFINITE_RECURSION = YES;
				CLANG_WARN_INT_CONVERSION = YES;
				CLANG_WARN_NON_LITERAL_NULL_CONVERSION = YES;
				CLANG_WARN_OBJC_IMPLICIT_RETAIN_SELF = YES;
				CLANG_WARN_OBJC_LITERAL_CONVERSION = YES;
				CLANG_WARN_OBJC_ROOT_CLASS = YES_ERROR;
				CLANG_WARN_QUOTED_INCLUDE_IN_FRAMEWORK_HEADER = YES;
				CLANG_WARN_RANGE_LOOP_ANALYSIS = YES;
				CLANG_WARN_STRICT_PROTOTYPES = YES;
				CLANG_WARN_SUSPICIOUS_MOVE = YES;
				CLANG_WARN_UNGUARDED_AVAILABILITY = YES_AGGRESSIVE;
				CLANG_WARN_UNREACHABLE_CODE = YES;
				CLANG_WARN__DUPLICATE_METHOD_MATCH = YES;
				COPY_PHASE_STRIP = NO;
				DEBUG_INFORMATION_FORMAT = dwarf;
				ENABLE_STRICT_OBJC_MSGSEND = YES;
				ENABLE_TESTABILITY = YES;
				ENABLE_USER_SCRIPT_SANDBOXING = YES;
				GCC_C_LANGUAGE_STANDARD = gnu17;
				GCC_DYNAMIC_NO_PIC = NO;
				GCC_NO_COMMON_BLOCKS = YES;
				GCC_OPTIMIZATION_LEVEL = 0;
				GCC_PREPROCESSOR_DEFINITIONS = (
					"DEBUG=1",
					"$(inherited)",
				);
				GCC_WARN_64_TO_32_BIT_CONVERSION = YES;
				GCC_WARN_ABOUT_RETURN_TYPE = YES_ERROR;
				GCC_WARN_UNDECLARED_SELECTOR = YES;
				GCC_WARN_UNINITIALIZED_AUTOS = YES_AGGRESSIVE;
				GCC_WARN_UNUSED_FUNCTION = YES;
				GCC_WARN_UNUSED_VARIABLE = YES;
				LOCALIZATION_PREFERS_STRING_CATALOGS = YES;
				MTL_ENABLE_DEBUG_INFO = INCLUDE_SOURCE;
				MTL_FAST_MATH = YES;
				ONLY_ACTIVE_ARCH = YES;
				SWIFT_ACTIVE_COMPILATION_CONDITIONS = "DEBUG $(inherited)";
				SWIFT_OPTIMIZATION_LEVEL = "-Onone";
			};
			name = Debug;
		};
		5E21AF182AD69C6400CE84B2 /* Release */ = {
			isa = XCBuildConfiguration;
			buildSettings = {
				ALWAYS_SEARCH_USER_PATHS = NO;
				ASSETCATALOG_COMPILER_GENERATE_SWIFT_ASSET_SYMBOL_EXTENSIONS = YES;
				CLANG_ANALYZER_NONNULL = YES;
				CLANG_ANALYZER_NUMBER_OBJECT_CONVERSION = YES_AGGRESSIVE;
				CLANG_CXX_LANGUAGE_STANDARD = "gnu++20";
				CLANG_ENABLE_MODULES = YES;
				CLANG_ENABLE_OBJC_ARC = YES;
				CLANG_ENABLE_OBJC_WEAK = YES;
				CLANG_WARN_BLOCK_CAPTURE_AUTORELEASING = YES;
				CLANG_WARN_BOOL_CONVERSION = YES;
				CLANG_WARN_COMMA = YES;
				CLANG_WARN_CONSTANT_CONVERSION = YES;
				CLANG_WARN_DEPRECATED_OBJC_IMPLEMENTATIONS = YES;
				CLANG_WARN_DIRECT_OBJC_ISA_USAGE = YES_ERROR;
				CLANG_WARN_DOCUMENTATION_COMMENTS = YES;
				CLANG_WARN_EMPTY_BODY = YES;
				CLANG_WARN_ENUM_CONVERSION = YES;
				CLANG_WARN_INFINITE_RECURSION = YES;
				CLANG_WARN_INT_CONVERSION = YES;
				CLANG_WARN_NON_LITERAL_NULL_CONVERSION = YES;
				CLANG_WARN_OBJC_IMPLICIT_RETAIN_SELF = YES;
				CLANG_WARN_OBJC_LITERAL_CONVERSION = YES;
				CLANG_WARN_OBJC_ROOT_CLASS = YES_ERROR;
				CLANG_WARN_QUOTED_INCLUDE_IN_FRAMEWORK_HEADER = YES;
				CLANG_WARN_RANGE_LOOP_ANALYSIS = YES;
				CLANG_WARN_STRICT_PROTOTYPES = YES;
				CLANG_WARN_SUSPICIOUS_MOVE = YES;
				CLANG_WARN_UNGUARDED_AVAILABILITY = YES_AGGRESSIVE;
				CLANG_WARN_UNREACHABLE_CODE = YES;
				CLANG_WARN__DUPLICATE_METHOD_MATCH = YES;
				COPY_PHASE_STRIP = NO;
				DEBUG_INFORMATION_FORMAT = "dwarf-with-dsym";
				ENABLE_NS_ASSERTIONS = NO;
				ENABLE_STRICT_OBJC_MSGSEND = YES;
				ENABLE_USER_SCRIPT_SANDBOXING = YES;
				GCC_C_LANGUAGE_STANDARD = gnu17;
				GCC_NO_COMMON_BLOCKS = YES;
				GCC_WARN_64_TO_32_BIT_CONVERSION = YES;
				GCC_WARN_ABOUT_RETURN_TYPE = YES_ERROR;
				GCC_WARN_UNDECLARED_SELECTOR = YES;
				GCC_WARN_UNINITIALIZED_AUTOS = YES_AGGRESSIVE;
				GCC_WARN_UNUSED_FUNCTION = YES;
				GCC_WARN_UNUSED_VARIABLE = YES;
				LOCALIZATION_PREFERS_STRING_CATALOGS = YES;
				MTL_ENABLE_DEBUG_INFO = NO;
				MTL_FAST_MATH = YES;
				SWIFT_COMPILATION_MODE = wholemodule;
			};
			name = Release;
		};
		5E21AF1A2AD69C6400CE84B2 /* Debug */ = {
			isa = XCBuildConfiguration;
			buildSettings = {
				ASSETCATALOG_COMPILER_APPICON_NAME = AppIcon;
				ASSETCATALOG_COMPILER_GLOBAL_ACCENT_COLOR_NAME = AccentColor;
				CODE_SIGN_ENTITLEMENTS = "Ball - Sim macOS/Ball___Sim_macOS.entitlements";
				CODE_SIGN_STYLE = Automatic;
				COMBINE_HIDPI_IMAGES = YES;
				CURRENT_PROJECT_VERSION = 1;
				GENERATE_INFOPLIST_FILE = YES;
				INFOPLIST_KEY_NSHumanReadableCopyright = "";
				INFOPLIST_KEY_NSMainStoryboardFile = Main;
				INFOPLIST_KEY_NSPrincipalClass = NSApplication;
				LD_RUNPATH_SEARCH_PATHS = (
					"$(inherited)",
					"@executable_path/../Frameworks",
				);
				MACOSX_DEPLOYMENT_TARGET = 14.0;
				MARKETING_VERSION = 1.0;
				PRODUCT_BUNDLE_IDENTIFIER = "R1ke.Ball---Sim";
				PRODUCT_NAME = "Ball - Sim";
				SDKROOT = macosx;
				SWIFT_EMIT_LOC_STRINGS = YES;
				SWIFT_VERSION = 5.0;
			};
			name = Debug;
		};
		5E21AF1B2AD69C6400CE84B2 /* Release */ = {
			isa = XCBuildConfiguration;
			buildSettings = {
				ASSETCATALOG_COMPILER_APPICON_NAME = AppIcon;
				ASSETCATALOG_COMPILER_GLOBAL_ACCENT_COLOR_NAME = AccentColor;
				CODE_SIGN_ENTITLEMENTS = "Ball - Sim macOS/Ball___Sim_macOS.entitlements";
				CODE_SIGN_STYLE = Automatic;
				COMBINE_HIDPI_IMAGES = YES;
				CURRENT_PROJECT_VERSION = 1;
				GENERATE_INFOPLIST_FILE = YES;
				INFOPLIST_KEY_NSHumanReadableCopyright = "";
				INFOPLIST_KEY_NSMainStoryboardFile = Main;
				INFOPLIST_KEY_NSPrincipalClass = NSApplication;
				LD_RUNPATH_SEARCH_PATHS = (
					"$(inherited)",
					"@executable_path/../Frameworks",
				);
				MACOSX_DEPLOYMENT_TARGET = 14.0;
				MARKETING_VERSION = 1.0;
				PRODUCT_BUNDLE_IDENTIFIER = "R1ke.Ball---Sim";
				PRODUCT_NAME = "Ball - Sim";
				SDKROOT = macosx;
				SWIFT_EMIT_LOC_STRINGS = YES;
				SWIFT_VERSION = 5.0;
			};
			name = Release;
		};
/* End XCBuildConfiguration section */

/* Begin XCConfigurationList section */
		5E21AEFE2AD69C6000CE84B2 /* Build configuration list for PBXProject "Ball - Sim" */ = {
			isa = XCConfigurationList;
			buildConfigurations = (
				5E21AF172AD69C6400CE84B2 /* Debug */,
				5E21AF182AD69C6400CE84B2 /* Release */,
			);
			defaultConfigurationIsVisible = 0;
			defaultConfigurationName = Release;
		};
		5E21AF192AD69C6400CE84B2 /* Build configuration list for PBXNativeTarget "Ball - Sim macOS" */ = {
			isa = XCConfigurationList;
			buildConfigurations = (
				5E21AF1A2AD69C6400CE84B2 /* Debug */,
				5E21AF1B2AD69C6400CE84B2 /* Release */,
			);
			defaultConfigurationIsVisible = 0;
			defaultConfigurationName = Release;
		};
/* End XCConfigurationList section */
	};
	rootObject = 5E21AEFB2AD69C6000CE84B2 /* Project object */;
}
